
Microsoft Visual Studio Solution File, Format Version 12.00
# Visual Studio Version 17
VisualStudioVersion = 17.3.32929.385
MinimumVisualStudioVersion = 10.0.40219.1
Project("{8BC9CEB8-8B4A-11D0-8D11-00A0C91BC942}") = "FWMoverDLAPI", "FWMoverDLAPI.vcxproj", "{59F98347-CE13-461A-8906-60F828FC6620}"
EndProject
Global
	GlobalSection(SolutionConfigurationPlatforms) = preSolution
		Debug|x64 = Debug|x64
		Debug|x86 = Debug|x86
		Release|x64 = Release|x64
		Release|x86 = Release|x86
	EndGlobalSection
	GlobalSection(ProjectConfigurationPlatforms) = postSolution
		{59F98347-CE13-461A-8906-60F828FC6620}.Debug|x64.ActiveCfg = Debug|x64
		{59F98347-CE13-461A-8906-60F828FC6620}.Debug|x64.Build.0 = Debug|x64
		{59F98347-CE13-461A-8906-60F828FC6620}.Debug|x86.ActiveCfg = Debug|Win32
		{59F98347-CE13-461A-8906-60F828FC6620}.Debug|x86.Build.0 = Debug|Win32
		{59F98347-CE13-461A-8906-60F828FC6620}.Release|x64.ActiveCfg = Release|x64
		{59F98347-CE13-461A-8906-60F828FC6620}.Release|x64.Build.0 = Release|x64
		{59F98347-CE13-461A-8906-60F828FC6620}.Release|x86.ActiveCfg = Release|Win32
		{59F98347-CE13-461A-8906-60F828FC6620}.Release|x86.Build.0 = Release|Win32
	EndGlobalSection
	GlobalSection(SolutionProperties) = preSolution
		HideSolutionNode = FALSE
	EndGlobalSection
	GlobalSection(ExtensibilityGlobals) = postSolution
		SolutionGuid = {175E66B5-E839-49D8-B3B0-08FBD68077D4}
	EndGlobalSection
EndGlobal
